
Microsoft Visual Studio Solution File, Format Version 12.00
# Visual Studio Version 17
VisualStudioVersion = 17.5.002.0
MinimumVisualStudioVersion = 10.0.40219.1
Project("{2150E333-8FDC-42A3-9474-1A3956D46DE8}") = "src", "src", "{3FEF6CCE-D59C-4640-98EF-EC37C891AED6}"
EndProject
Project("{9A19103F-16F7-4668-BE54-9A1E7A4F7556}") = "02_04", "src\02_04\02_04.csproj", "{3C7BB99D-5882-46BB-92E3-DCD8A7C5DF9E}"
EndProject
Project("{9A19103F-16F7-4668-BE54-9A1E7A4F7556}") = "02_05", "src\02_05\02_05.csproj", "{9068759D-5909-4C5E-8C8E-245B009F18E0}"
EndProject
Project("{9A19103F-16F7-4668-BE54-9A1E7A4F7556}") = "02_02", "src\02_02\02_02.csproj", "{AB3DC542-CC3F-4A97-A870-D715C641E770}"
EndProject
Project("{9A19103F-16F7-4668-BE54-9A1E7A4F7556}") = "02_06", "src\02_06\02_06.csproj", "{0AA4AB8D-95B7-4206-85D4-453128454BF4}"
EndProject
Project("{9A19103F-16F7-4668-BE54-9A1E7A4F7556}") = "02_03", "src\02_03\02_03.csproj", "{4030BABC-C59C-4848-8ED7-9DCA05502521}"
EndProject
Project("{9A19103F-16F7-4668-BE54-9A1E7A4F7556}") = "04_03_calculator", "src\04_03_calculator\04_03_calculator.csproj", "{35E39B79-6399-4BB8-81F3-E6D20CF14D3E}"
EndProject
Project("{9A19103F-16F7-4668-BE54-9A1E7A4F7556}") = "ChallengeZahlenRaten", "src\ChallengeZahlenRaten\ChallengeZahlenRaten.csproj", "{84B399D2-49BC-4E2A-B387-2594B760829E}"
EndProject
Project("{9A19103F-16F7-4668-BE54-9A1E7A4F7556}") = "ChallengeBubblesort", "src\ChallengeBubblesort\ChallengeBubblesort.csproj", "{941A4FCC-86BA-4AC1-90FB-5D74FBE0ADD8}"
EndProject
Project("{2150E333-8FDC-42A3-9474-1A3956D46DE8}") = "loesungen", "loesungen", "{33E5D396-E904-4ADF-9296-26A893E85BE2}"
EndProject
Project("{9A19103F-16F7-4668-BE54-9A1E7A4F7556}") = "02_04", "loesungen\02_04\02_04.csproj", "{379E009D-ED20-4383-8B21-202A3FDAA89B}"
EndProject
Project("{9A19103F-16F7-4668-BE54-9A1E7A4F7556}") = "02_05", "loesungen\02_05\02_05.csproj", "{FD99A143-50F7-4157-B6E4-EB37719C57ED}"
EndProject
Project("{9A19103F-16F7-4668-BE54-9A1E7A4F7556}") = "02_02", "loesungen\02_02\02_02.csproj", "{7A320868-10A2-40F1-921B-2C0D949AA89F}"
EndProject
Project("{9A19103F-16F7-4668-BE54-9A1E7A4F7556}") = "02_06", "loesungen\02_06\02_06.csproj", "{6C2F3817-BBE7-41DD-8240-74A9A8621F40}"
EndProject
Project("{9A19103F-16F7-4668-BE54-9A1E7A4F7556}") = "02_03", "loesungen\02_03\02_03.csproj", "{E4850D35-CD4B-4BFD-AA01-4F42FADAAD1A}"
EndProject
Project("{9A19103F-16F7-4668-BE54-9A1E7A4F7556}") = "04_03_calculator", "loesungen\04_03_calculator\04_03_calculator.csproj", "{2EC99D82-1F19-4A11-B8A5-853C789A290D}"
EndProject
Project("{9A19103F-16F7-4668-BE54-9A1E7A4F7556}") = "ChallengeZahlenRaten", "loesungen\ChallengeZahlenRaten\ChallengeZahlenRaten.csproj", "{CC71CC60-5A58-457C-A89C-348518D847B7}"
EndProject
Project("{9A19103F-16F7-4668-BE54-9A1E7A4F7556}") = "ChallengeBubblesort", "loesungen\ChallengeBubblesort\ChallengeBubblesort.csproj", "{0EB15EC8-CE8D-4124-BD38-EB11C56135E7}"
EndProject
Global
	GlobalSection(SolutionConfigurationPlatforms) = preSolution
		Debug|Any CPU = Debug|Any CPU
		Release|Any CPU = Release|Any CPU
	EndGlobalSection
	GlobalSection(ProjectConfigurationPlatforms) = postSolution
		{3C7BB99D-5882-46BB-92E3-DCD8A7C5DF9E}.Debug|Any CPU.ActiveCfg = Debug|Any CPU
		{3C7BB99D-5882-46BB-92E3-DCD8A7C5DF9E}.Debug|Any CPU.Build.0 = Debug|Any CPU
		{3C7BB99D-5882-46BB-92E3-DCD8A7C5DF9E}.Release|Any CPU.ActiveCfg = Release|Any CPU
		{3C7BB99D-5882-46BB-92E3-DCD8A7C5DF9E}.Release|Any CPU.Build.0 = Release|Any CPU
		{9068759D-5909-4C5E-8C8E-245B009F18E0}.Debug|Any CPU.ActiveCfg = Debug|Any CPU
		{9068759D-5909-4C5E-8C8E-245B009F18E0}.Debug|Any CPU.Build.0 = Debug|Any CPU
		{9068759D-5909-4C5E-8C8E-245B009F18E0}.Release|Any CPU.ActiveCfg = Release|Any CPU
		{9068759D-5909-4C5E-8C8E-245B009F18E0}.Release|Any CPU.Build.0 = Release|Any CPU
		{AB3DC542-CC3F-4A97-A870-D715C641E770}.Debug|Any CPU.ActiveCfg = Debug|Any CPU
		{AB3DC542-CC3F-4A97-A870-D715C641E770}.Debug|Any CPU.Build.0 = Debug|Any CPU
		{AB3DC542-CC3F-4A97-A870-D715C641E770}.Release|Any CPU.ActiveCfg = Release|Any CPU
		{AB3DC542-CC3F-4A97-A870-D715C641E770}.Release|Any CPU.Build.0 = Release|Any CPU
		{0AA4AB8D-95B7-4206-85D4-453128454BF4}.Debug|Any CPU.ActiveCfg = Debug|Any CPU
		{0AA4AB8D-95B7-4206-85D4-453128454BF4}.Debug|Any CPU.Build.0 = Debug|Any CPU
		{0AA4AB8D-95B7-4206-85D4-453128454BF4}.Release|Any CPU.ActiveCfg = Release|Any CPU
		{0AA4AB8D-95B7-4206-85D4-453128454BF4}.Release|Any CPU.Build.0 = Release|Any CPU
		{4030BABC-C59C-4848-8ED7-9DCA05502521}.Debug|Any CPU.ActiveCfg = Debug|Any CPU
		{4030BABC-C59C-4848-8ED7-9DCA05502521}.Debug|Any CPU.Build.0 = Debug|Any CPU
		{4030BABC-C59C-4848-8ED7-9DCA05502521}.Release|Any CPU.ActiveCfg = Release|Any CPU
		{4030BABC-C59C-4848-8ED7-9DCA05502521}.Release|Any CPU.Build.0 = Release|Any CPU
		{35E39B79-6399-4BB8-81F3-E6D20CF14D3E}.Debug|Any CPU.ActiveCfg = Debug|Any CPU
		{35E39B79-6399-4BB8-81F3-E6D20CF14D3E}.Debug|Any CPU.Build.0 = Debug|Any CPU
		{35E39B79-6399-4BB8-81F3-E6D20CF14D3E}.Release|Any CPU.ActiveCfg = Release|Any CPU
		{35E39B79-6399-4BB8-81F3-E6D20CF14D3E}.Release|Any CPU.Build.0 = Release|Any CPU
		{84B399D2-49BC-4E2A-B387-2594B760829E}.Debug|Any CPU.ActiveCfg = Debug|Any CPU
		{84B399D2-49BC-4E2A-B387-2594B760829E}.Debug|Any CPU.Build.0 = Debug|Any CPU
		{84B399D2-49BC-4E2A-B387-2594B760829E}.Release|Any CPU.ActiveCfg = Release|Any CPU
		{84B399D2-49BC-4E2A-B387-2594B760829E}.Release|Any CPU.Build.0 = Release|Any CPU
		{941A4FCC-86BA-4AC1-90FB-5D74FBE0ADD8}.Debug|Any CPU.ActiveCfg = Debug|Any CPU
		{941A4FCC-86BA-4AC1-90FB-5D74FBE0ADD8}.Debug|Any CPU.Build.0 = Debug|Any CPU
		{941A4FCC-86BA-4AC1-90FB-5D74FBE0ADD8}.Release|Any CPU.ActiveCfg = Release|Any CPU
		{941A4FCC-86BA-4AC1-90FB-5D74FBE0ADD8}.Release|Any CPU.Build.0 = Release|Any CPU
		{379E009D-ED20-4383-8B21-202A3FDAA89B}.Debug|Any CPU.ActiveCfg = Debug|Any CPU
		{379E009D-ED20-4383-8B21-202A3FDAA89B}.Debug|Any CPU.Build.0 = Debug|Any CPU
		{379E009D-ED20-4383-8B21-202A3FDAA89B}.Release|Any CPU.ActiveCfg = Release|Any CPU
		{379E009D-ED20-4383-8B21-202A3FDAA89B}.Release|Any CPU.Build.0 = Release|Any CPU
		{FD99A143-50F7-4157-B6E4-EB37719C57ED}.Debug|Any CPU.ActiveCfg = Debug|Any CPU
		{FD99A143-50F7-4157-B6E4-EB37719C57ED}.Debug|Any CPU.Build.0 = Debug|Any CPU
		{FD99A143-50F7-4157-B6E4-EB37719C57ED}.Release|Any CPU.ActiveCfg = Release|Any CPU
		{FD99A143-50F7-4157-B6E4-EB37719C57ED}.Release|Any CPU.Build.0 = Release|Any CPU
		{7A320868-10A2-40F1-921B-2C0D949AA89F}.Debug|Any CPU.ActiveCfg = Debug|Any CPU
		{7A320868-10A2-40F1-921B-2C0D949AA89F}.Debug|Any CPU.Build.0 = Debug|Any CPU
		{7A320868-10A2-40F1-921B-2C0D949AA89F}.Release|Any CPU.ActiveCfg = Release|Any CPU
		{7A320868-10A2-40F1-921B-2C0D949AA89F}.Release|Any CPU.Build.0 = Release|Any CPU
		{6C2F3817-BBE7-41DD-8240-74A9A8621F40}.Debug|Any CPU.ActiveCfg = Debug|Any CPU
		{6C2F3817-BBE7-41DD-8240-74A9A8621F40}.Debug|Any CPU.Build.0 = Debug|Any CPU
		{6C2F3817-BBE7-41DD-8240-74A9A8621F40}.Release|Any CPU.ActiveCfg = Release|Any CPU
		{6C2F3817-BBE7-41DD-8240-74A9A8621F40}.Release|Any CPU.Build.0 = Release|Any CPU
		{E4850D35-CD4B-4BFD-AA01-4F42FADAAD1A}.Debug|Any CPU.ActiveCfg = Debug|Any CPU
		{E4850D35-CD4B-4BFD-AA01-4F42FADAAD1A}.Debug|Any CPU.Build.0 = Debug|Any CPU
		{E4850D35-CD4B-4BFD-AA01-4F42FADAAD1A}.Release|Any CPU.ActiveCfg = Release|Any CPU
		{E4850D35-CD4B-4BFD-AA01-4F42FADAAD1A}.Release|Any CPU.Build.0 = Release|Any CPU
		{2EC99D82-1F19-4A11-B8A5-853C789A290D}.Debug|Any CPU.ActiveCfg = Debug|Any CPU
		{2EC99D82-1F19-4A11-B8A5-853C789A290D}.Debug|Any CPU.Build.0 = Debug|Any CPU
		{2EC99D82-1F19-4A11-B8A5-853C789A290D}.Release|Any CPU.ActiveCfg = Release|Any CPU
		{2EC99D82-1F19-4A11-B8A5-853C789A290D}.Release|Any CPU.Build.0 = Release|Any CPU
		{CC71CC60-5A58-457C-A89C-348518D847B7}.Debug|Any CPU.ActiveCfg = Debug|Any CPU
		{CC71CC60-5A58-457C-A89C-348518D847B7}.Debug|Any CPU.Build.0 = Debug|Any CPU
		{CC71CC60-5A58-457C-A89C-348518D847B7}.Release|Any CPU.ActiveCfg = Release|Any CPU
		{CC71CC60-5A58-457C-A89C-348518D847B7}.Release|Any CPU.Build.0 = Release|Any CPU
		{0EB15EC8-CE8D-4124-BD38-EB11C56135E7}.Debug|Any CPU.ActiveCfg = Debug|Any CPU
		{0EB15EC8-CE8D-4124-BD38-EB11C56135E7}.Debug|Any CPU.Build.0 = Debug|Any CPU
		{0EB15EC8-CE8D-4124-BD38-EB11C56135E7}.Release|Any CPU.ActiveCfg = Release|Any CPU
		{0EB15EC8-CE8D-4124-BD38-EB11C56135E7}.Release|Any CPU.Build.0 = Release|Any CPU
	EndGlobalSection
	GlobalSection(SolutionProperties) = preSolution
		HideSolutionNode = FALSE
	EndGlobalSection
	GlobalSection(NestedProjects) = preSolution
		{3C7BB99D-5882-46BB-92E3-DCD8A7C5DF9E} = {3FEF6CCE-D59C-4640-98EF-EC37C891AED6}
		{9068759D-5909-4C5E-8C8E-245B009F18E0} = {3FEF6CCE-D59C-4640-98EF-EC37C891AED6}
		{AB3DC542-CC3F-4A97-A870-D715C641E770} = {3FEF6CCE-D59C-4640-98EF-EC37C891AED6}
		{0AA4AB8D-95B7-4206-85D4-453128454BF4} = {3FEF6CCE-D59C-4640-98EF-EC37C891AED6}
		{4030BABC-C59C-4848-8ED7-9DCA05502521} = {3FEF6CCE-D59C-4640-98EF-EC37C891AED6}
		{35E39B79-6399-4BB8-81F3-E6D20CF14D3E} = {3FEF6CCE-D59C-4640-98EF-EC37C891AED6}
		{84B399D2-49BC-4E2A-B387-2594B760829E} = {3FEF6CCE-D59C-4640-98EF-EC37C891AED6}
		{941A4FCC-86BA-4AC1-90FB-5D74FBE0ADD8} = {3FEF6CCE-D59C-4640-98EF-EC37C891AED6}
		{379E009D-ED20-4383-8B21-202A3FDAA89B} = {33E5D396-E904-4ADF-9296-26A893E85BE2}
		{FD99A143-50F7-4157-B6E4-EB37719C57ED} = {33E5D396-E904-4ADF-9296-26A893E85BE2}
		{7A320868-10A2-40F1-921B-2C0D949AA89F} = {33E5D396-E904-4ADF-9296-26A893E85BE2}
		{6C2F3817-BBE7-41DD-8240-74A9A8621F40} = {33E5D396-E904-4ADF-9296-26A893E85BE2}
		{E4850D35-CD4B-4BFD-AA01-4F42FADAAD1A} = {33E5D396-E904-4ADF-9296-26A893E85BE2}
		{2EC99D82-1F19-4A11-B8A5-853C789A290D} = {33E5D396-E904-4ADF-9296-26A893E85BE2}
		{CC71CC60-5A58-457C-A89C-348518D847B7} = {33E5D396-E904-4ADF-9296-26A893E85BE2}
		{0EB15EC8-CE8D-4124-BD38-EB11C56135E7} = {33E5D396-E904-4ADF-9296-26A893E85BE2}
	EndGlobalSection
	GlobalSection(ExtensibilityGlobals) = postSolution
		SolutionGuid = {0EAB8215-1A7A-4EB7-AD1B-578A72FC8BF7}
	EndGlobalSection
EndGlobal
